
Microsoft Visual Studio Solution File, Format Version 12.00
# Visual Studio 15
VisualStudioVersion = 15.0.27703.2026
MinimumVisualStudioVersion = 10.0.40219.1
Project("{FAE04EC0-301F-11D3-BF4B-00C04F79EFBC}") = "BigFileSplit", "BigFileSplit\BigFileSplit.csproj", "{3D4D8AE9-C9CD-4F98-8A81-669F21C0FBE5}"
EndProject
Global
	GlobalSection(SolutionConfigurationPlatforms) = preSolution
		Debug|Any CPU = Debug|Any CPU
		Release|Any CPU = Release|Any CPU
	EndGlobalSection
	GlobalSection(ProjectConfigurationPlatforms) = postSolution
		{3D4D8AE9-C9CD-4F98-8A81-669F21C0FBE5}.Debug|Any CPU.ActiveCfg = Debug|Any CPU
		{3D4D8AE9-C9CD-4F98-8A81-669F21C0FBE5}.Debug|Any CPU.Build.0 = Debug|Any CPU
		{3D4D8AE9-C9CD-4F98-8A81-669F21C0FBE5}.Release|Any CPU.ActiveCfg = Release|Any CPU
		{3D4D8AE9-C9CD-4F98-8A81-669F21C0FBE5}.Release|Any CPU.Build.0 = Release|Any CPU
	EndGlobalSection
	GlobalSection(SolutionProperties) = preSolution
		HideSolutionNode = FALSE
	EndGlobalSection
	GlobalSection(ExtensibilityGlobals) = postSolution
		SolutionGuid = {1C0E5CE4-8DBF-4BDB-8D20-F499BC82024A}
	EndGlobalSection
EndGlobal
